# THIS IS AN AUTOGENERATED FILE. DO NOT EDIT THIS FILE DIRECTLY.
# yarn lockfile v1


"@vue/eslint-config-standard@^6.0.0":
  version "6.0.0"
  resolved "https://registry.nlark.com/@vue/eslint-config-standard/download/@vue/eslint-config-standard-6.0.0.tgz#50b12d7bd5556d8ce8ce79ff5645a1fc183bd2da"
  integrity sha1-ULEte9VVbYzoznn/VkWh/Bg70to=
  dependencies:
    eslint-config-standard "^16.0.0"
    eslint-import-resolver-node "^0.3.4"
    eslint-import-resolver-webpack "^0.13.0"

acorn-jsx@^5.2.0:
  version "5.3.1"
  resolved "https://registry.npm.taobao.org/acorn-jsx/download/acorn-jsx-5.3.1.tgz#fc8661e11b7ac1539c47dbfea2e72b3af34d267b"
  integrity sha1-/IZh4Rt6wVOcR9v+oucrOvNNJns=

acorn@^7.1.1:
  version "7.4.1"
  resolved "https://registry.nlark.com/acorn/download/acorn-7.4.1.tgz#feaed255973d2e77555b83dbc08851a6c63520fa"
  integrity sha1-/q7SVZc9LndVW4PbwIhRpsY1IPo=

array-find@^1.0.0:
  version "1.0.0"
  resolved "https://registry.nlark.com/array-find/download/array-find-1.0.0.tgz#6c8e286d11ed768327f8e62ecee87353ca3e78b8"
  integrity sha1-bI4obRHtdoMn+OYuzuhzU8o+eLg=

call-bind@^1.0.2:
  version "1.0.2"
  resolved "https://registry.nlark.com/call-bind/download/call-bind-1.0.2.tgz#b1d4e89e688119c3c9a903ad30abb2f6a919be3c"
  integrity sha1-sdTonmiBGcPJqQOtMKuy9qkZvjw=
  dependencies:
    function-bind "^1.1.1"
    get-intrinsic "^1.0.2"

debug@^2.6.9:
  version "2.6.9"
  resolved "https://registry.npm.taobao.org/debug/download/debug-2.6.9.tgz?cache=0&sync_timestamp=1607566580543&other_urls=https%3A%2F%2Fregistry.npm.taobao.org%2Fdebug%2Fdownload%2Fdebug-2.6.9.tgz#5d128515df134ff327e90a4c93f4e077a536341f"
  integrity sha1-XRKFFd8TT/Mn6QpMk/Tgd6U2NB8=
  dependencies:
    ms "2.0.0"

debug@^3.2.7:
  version "3.2.7"
  resolved "https://registry.npm.taobao.org/debug/download/debug-3.2.7.tgz?cache=0&sync_timestamp=1607566580543&other_urls=https%3A%2F%2Fregistry.npm.taobao.org%2Fdebug%2Fdownload%2Fdebug-3.2.7.tgz#72580b7e9145fb39b6676f9c5e5fb100b934179a"
  integrity sha1-clgLfpFF+zm2Z2+cXl+xALk0F5o=
  dependencies:
    ms "^2.1.1"

debug@^4.1.1:
  version "4.3.1"
  resolved "https://registry.npm.taobao.org/debug/download/debug-4.3.1.tgz#f0d229c505e0c6d8c49ac553d1b13dc183f6b2ee"
  integrity sha1-8NIpxQXgxtjEmsVT0bE9wYP2su4=
  dependencies:
    ms "2.1.2"

enhanced-resolve@^0.9.1:
  version "0.9.1"
  resolved "https://registry.nlark.com/enhanced-resolve/download/enhanced-resolve-0.9.1.tgz#4d6e689b3725f86090927ccc86cd9f1635b89e2e"
  integrity sha1-TW5omzcl+GCQknzMhs2fFjW4ni4=
  dependencies:
    graceful-fs "^4.1.2"
    memory-fs "^0.2.0"
    tapable "^0.1.8"

eslint-config-standard@^16.0.0:
  version "16.0.3"
  resolved "https://registry.nlark.com/eslint-config-standard/download/eslint-config-standard-16.0.3.tgz?cache=0&sync_timestamp=1621877447113&other_urls=https%3A%2F%2Fregistry.nlark.com%2Feslint-config-standard%2Fdownload%2Feslint-config-standard-16.0.3.tgz#6c8761e544e96c531ff92642eeb87842b8488516"
  integrity sha1-bIdh5UTpbFMf+SZC7rh4QrhIhRY=

eslint-import-resolver-node@^0.3.4:
  version "0.3.4"
  resolved "https://registry.npm.taobao.org/eslint-import-resolver-node/download/eslint-import-resolver-node-0.3.4.tgz?cache=0&sync_timestamp=1604837006283&other_urls=https%3A%2F%2Fregistry.npm.taobao.org%2Feslint-import-resolver-node%2Fdownload%2Feslint-import-resolver-node-0.3.4.tgz#85ffa81942c25012d8231096ddf679c03042c717"
  integrity sha1-hf+oGULCUBLYIxCW3fZ5wDBCxxc=
  dependencies:
    debug "^2.6.9"
    resolve "^1.13.1"

eslint-import-resolver-webpack@^0.13.0:
  version "0.13.1"
  resolved "https://registry.nlark.com/eslint-import-resolver-webpack/download/eslint-import-resolver-webpack-0.13.1.tgz?cache=0&sync_timestamp=1620972330256&other_urls=https%3A%2F%2Fregistry.nlark.com%2Feslint-import-resolver-webpack%2Fdownload%2Feslint-import-resolver-webpack-0.13.1.tgz#6d2fb928091daf2da46efa1e568055555b2de902"
  integrity sha1-bS+5KAkdry2kbvoeVoBVVVst6QI=
  dependencies:
    array-find "^1.0.0"
    debug "^3.2.7"
    enhanced-resolve "^0.9.1"
    find-root "^1.1.0"
    has "^1.0.3"
    interpret "^1.4.0"
    is-core-module "^2.4.0"
    is-regex "^1.1.3"
    lodash "^4.17.21"
    resolve "^1.20.0"
    semver "^5.7.1"

eslint-plugin-vue@^7.11.1:
  version "7.11.1"
  resolved "https://registry.nlark.com/eslint-plugin-vue/download/eslint-plugin-vue-7.11.1.tgz#77eb4b44032d5cca79f9af21d06991d8694a314a"
  integrity sha1-d+tLRAMtXMp5+a8h0GmR2GlKMUo=
  dependencies:
    eslint-utils "^2.1.0"
    natural-compare "^1.4.0"
    semver "^7.3.2"
    vue-eslint-parser "^7.6.0"

eslint-scope@^5.0.0:
  version "5.1.1"
  resolved "https://registry.npm.taobao.org/eslint-scope/download/eslint-scope-5.1.1.tgz#e786e59a66cb92b3f6c1fb0d508aab174848f48c"
  integrity sha1-54blmmbLkrP2wfsNUIqrF0hI9Iw=
  dependencies:
    esrecurse "^4.3.0"
    estraverse "^4.1.1"

eslint-utils@^2.1.0:
  version "2.1.0"
  resolved "https://registry.nlark.com/eslint-utils/download/eslint-utils-2.1.0.tgz?cache=0&sync_timestamp=1620975524854&other_urls=https%3A%2F%2Fregistry.nlark.com%2Feslint-utils%2Fdownload%2Feslint-utils-2.1.0.tgz#d2de5e03424e707dc10c74068ddedae708741b27"
  integrity sha1-0t5eA0JOcH3BDHQGjd7a5wh0Gyc=
  dependencies:
    eslint-visitor-keys "^1.1.0"

eslint-visitor-keys@^1.1.0:
  version "1.3.0"
  resolved "https://registry.nlark.com/eslint-visitor-keys/download/eslint-visitor-keys-1.3.0.tgz?cache=0&sync_timestamp=1620088667316&other_urls=https%3A%2F%2Fregistry.nlark.com%2Feslint-visitor-keys%2Fdownload%2Feslint-visitor-keys-1.3.0.tgz#30ebd1ef7c2fdff01c3a4f151044af25fab0523e"
  integrity sha1-MOvR73wv3/AcOk8VEESvJfqwUj4=

espree@^6.2.1:
  version "6.2.1"
  resolved "https://registry.nlark.com/espree/download/espree-6.2.1.tgz#77fc72e1fd744a2052c20f38a5b575832e82734a"
  integrity sha1-d/xy4f10SiBSwg84pbV1gy6Cc0o=
  dependencies:
    acorn "^7.1.1"
    acorn-jsx "^5.2.0"
    eslint-visitor-keys "^1.1.0"

esquery@^1.4.0:
  version "1.4.0"
  resolved "https://registry.npm.taobao.org/esquery/download/esquery-1.4.0.tgz#2148ffc38b82e8c7057dfed48425b3e61f0f24a5"
  integrity sha1-IUj/w4uC6McFff7UhCWz5h8PJKU=
  dependencies:
    estraverse "^5.1.0"

esrecurse@^4.3.0:
  version "4.3.0"
  resolved "https://registry.npm.taobao.org/esrecurse/download/esrecurse-4.3.0.tgz?cache=0&sync_timestamp=1598898247102&other_urls=https%3A%2F%2Fregistry.npm.taobao.org%2Fesrecurse%2Fdownload%2Fesrecurse-4.3.0.tgz#7ad7964d679abb28bee72cec63758b1c5d2c9921"
  integrity sha1-eteWTWeauyi+5yzsY3WLHF0smSE=
  dependencies:
    estraverse "^5.2.0"

estraverse@^4.1.1:
  version "4.3.0"
  resolved "https://registry.npm.taobao.org/estraverse/download/estraverse-4.3.0.tgz#398ad3f3c5a24948be7725e83d11a7de28cdbd1d"
  integrity sha1-OYrT88WiSUi+dyXoPRGn3ijNvR0=

estraverse@^5.1.0, estraverse@^5.2.0:
  version "5.2.0"
  resolved "https://registry.npm.taobao.org/estraverse/download/estraverse-5.2.0.tgz#307df42547e6cc7324d3cf03c155d5cdb8c53880"
  integrity sha1-MH30JUfmzHMk088DwVXVzbjFOIA=

find-root@^1.1.0:
  version "1.1.0"
  resolved "https://registry.nlark.com/find-root/download/find-root-1.1.0.tgz#abcfc8ba76f708c42a97b3d685b7e9450bfb9ce4"
  integrity sha1-q8/Iunb3CMQql7PWhbfpRQv7nOQ=

function-bind@^1.1.1:
  version "1.1.1"
  resolved "https://registry.npm.taobao.org/function-bind/download/function-bind-1.1.1.tgz#a56899d3ea3c9bab874bb9773b7c5ede92f4895d"
  integrity sha1-pWiZ0+o8m6uHS7l3O3xe3pL0iV0=

get-intrinsic@^1.0.2:
  version "1.1.1"
  resolved "https://registry.npm.taobao.org/get-intrinsic/download/get-intrinsic-1.1.1.tgz?cache=0&sync_timestamp=1612364352840&other_urls=https%3A%2F%2Fregistry.npm.taobao.org%2Fget-intrinsic%2Fdownload%2Fget-intrinsic-1.1.1.tgz#15f59f376f855c446963948f0d24cd3637b4abc6"
  integrity sha1-FfWfN2+FXERpY5SPDSTNNje0q8Y=
  dependencies:
    function-bind "^1.1.1"
    has "^1.0.3"
    has-symbols "^1.0.1"

graceful-fs@^4.1.2:
  version "4.2.6"
  resolved "https://registry.nlark.com/graceful-fs/download/graceful-fs-4.2.6.tgz#ff040b2b0853b23c3d31027523706f1885d76bee"
  integrity sha1-/wQLKwhTsjw9MQJ1I3BvGIXXa+4=

has-symbols@^1.0.1, has-symbols@^1.0.2:
  version "1.0.2"
  resolved "https://registry.nlark.com/has-symbols/download/has-symbols-1.0.2.tgz#165d3070c00309752a1236a479331e3ac56f1423"
  integrity sha1-Fl0wcMADCXUqEjakeTMeOsVvFCM=

has@^1.0.3:
  version "1.0.3"
  resolved "https://registry.nlark.com/has/download/has-1.0.3.tgz?cache=0&sync_timestamp=1618847173393&other_urls=https%3A%2F%2Fregistry.nlark.com%2Fhas%2Fdownload%2Fhas-1.0.3.tgz#722d7cbfc1f6aa8241f16dd814e011e1f41e8796"
  integrity sha1-ci18v8H2qoJB8W3YFOAR4fQeh5Y=
  dependencies:
    function-bind "^1.1.1"

interpret@^1.4.0:
  version "1.4.0"
  resolved "https://registry.npm.taobao.org/interpret/download/interpret-1.4.0.tgz#665ab8bc4da27a774a40584e812e3e0fa45b1a1e"
  integrity sha1-Zlq4vE2iendKQFhOgS4+D6RbGh4=

is-core-module@^2.2.0, is-core-module@^2.4.0:
  version "2.4.0"
  resolved "https://registry.nlark.com/is-core-module/download/is-core-module-2.4.0.tgz#8e9fc8e15027b011418026e98f0e6f4d86305cc1"
  integrity sha1-jp/I4VAnsBFBgCbpjw5vTYYwXME=
  dependencies:
    has "^1.0.3"

is-regex@^1.1.3:
  version "1.1.3"
  resolved "https://registry.nlark.com/is-regex/download/is-regex-1.1.3.tgz?cache=0&sync_timestamp=1620452285370&other_urls=https%3A%2F%2Fregistry.nlark.com%2Fis-regex%2Fdownload%2Fis-regex-1.1.3.tgz#d029f9aff6448b93ebbe3f33dac71511fdcbef9f"
  integrity sha1-0Cn5r/ZEi5Prvj8z2scVEf3L758=
  dependencies:
    call-bind "^1.0.2"
    has-symbols "^1.0.2"

lodash@^4.17.15, lodash@^4.17.21:
  version "4.17.21"
  resolved "https://registry.npm.taobao.org/lodash/download/lodash-4.17.21.tgz?cache=0&sync_timestamp=1618321064459&other_urls=https%3A%2F%2Fregistry.npm.taobao.org%2Flodash%2Fdownload%2Flodash-4.17.21.tgz#679591c564c3bffaae8454cf0b3df370c3d6911c"
  integrity sha1-Z5WRxWTDv/quhFTPCz3zcMPWkRw=

lru-cache@^6.0.0:
  version "6.0.0"
  resolved "https://registry.npm.taobao.org/lru-cache/download/lru-cache-6.0.0.tgz#6d6fe6570ebd96aaf90fcad1dafa3b2566db3a94"
  integrity sha1-bW/mVw69lqr5D8rR2vo7JWbbOpQ=
  dependencies:
    yallist "^4.0.0"

memory-fs@^0.2.0:
  version "0.2.0"
  resolved "https://registry.nlark.com/memory-fs/download/memory-fs-0.2.0.tgz#f2bb25368bc121e391c2520de92969caee0a0290"
  integrity sha1-8rslNovBIeORwlIN6Slpyu4KApA=

ms@2.0.0:
  version "2.0.0"
  resolved "https://registry.npm.taobao.org/ms/download/ms-2.0.0.tgz?cache=0&sync_timestamp=1607433905701&other_urls=https%3A%2F%2Fregistry.npm.taobao.org%2Fms%2Fdownload%2Fms-2.0.0.tgz#5608aeadfc00be6c2901df5f9861788de0d597c8"
  integrity sha1-VgiurfwAvmwpAd9fmGF4jeDVl8g=

ms@2.1.2:
  version "2.1.2"
  resolved "https://registry.npm.taobao.org/ms/download/ms-2.1.2.tgz?cache=0&sync_timestamp=1607433888963&other_urls=https%3A%2F%2Fregistry.npm.taobao.org%2Fms%2Fdownload%2Fms-2.1.2.tgz#d09d1f357b443f493382a8eb3ccd183872ae6009"
  integrity sha1-0J0fNXtEP0kzgqjrPM0YOHKuYAk=

ms@^2.1.1:
  version "2.1.3"
  resolved "https://registry.npm.taobao.org/ms/download/ms-2.1.3.tgz?cache=0&sync_timestamp=1607433905701&other_urls=https%3A%2F%2Fregistry.npm.taobao.org%2Fms%2Fdownload%2Fms-2.1.3.tgz#574c8138ce1d2b5861f0b44579dbadd60c6615b2"
  integrity sha1-V0yBOM4dK1hh8LRFedut1gxmFbI=

natural-compare@^1.4.0:
  version "1.4.0"
  resolved "https://registry.npm.taobao.org/natural-compare/download/natural-compare-1.4.0.tgz#4abebfeed7541f2c27acfb29bdbbd15c8d5ba4f7"
  integrity sha1-Sr6/7tdUHywnrPspvbvRXI1bpPc=

path-parse@^1.0.6:
  version "1.0.7"
  resolved "https://registry.nlark.com/path-parse/download/path-parse-1.0.7.tgz#fbc114b60ca42b30d9daf5858e4bd68bbedb6735"
  integrity sha1-+8EUtgykKzDZ2vWFjkvWi77bZzU=

resolve@^1.13.1, resolve@^1.20.0:
  version "1.20.0"
  resolved "https://registry.nlark.com/resolve/download/resolve-1.20.0.tgz?cache=0&sync_timestamp=1618846903792&other_urls=https%3A%2F%2Fregistry.nlark.com%2Fresolve%2Fdownload%2Fresolve-1.20.0.tgz#629a013fb3f70755d6f0b7935cc1c2c5378b1975"
  integrity sha1-YpoBP7P3B1XW8LeTXMHCxTeLGXU=
  dependencies:
    is-core-module "^2.2.0"
    path-parse "^1.0.6"

semver@^5.7.1:
  version "5.7.1"
  resolved "https://registry.npm.taobao.org/semver/download/semver-5.7.1.tgz?cache=0&sync_timestamp=1616463603361&other_urls=https%3A%2F%2Fregistry.npm.taobao.org%2Fsemver%2Fdownload%2Fsemver-5.7.1.tgz#a954f931aeba508d307bbf069eff0c01c96116f7"
  integrity sha1-qVT5Ma66UI0we78Gnv8MAclhFvc=

semver@^7.3.2:
  version "7.3.5"
  resolved "https://registry.npm.taobao.org/semver/download/semver-7.3.5.tgz?cache=0&sync_timestamp=1616463603361&other_urls=https%3A%2F%2Fregistry.npm.taobao.org%2Fsemver%2Fdownload%2Fsemver-7.3.5.tgz#0b621c879348d8998e4b0e4be94b3f12e6018ef7"
  integrity sha1-C2Ich5NI2JmOSw5L6Us/EuYBjvc=
  dependencies:
    lru-cache "^6.0.0"

tapable@^0.1.8:
  version "0.1.10"
  resolved "https://registry.nlark.com/tapable/download/tapable-0.1.10.tgz#29c35707c2b70e50d07482b5d202e8ed446dafd4"
  integrity sha1-KcNXB8K3DlDQdIK10gLo7URtr9Q=

vue-eslint-parser@^7.6.0:
  version "7.6.0"
  resolved "https://registry.npm.taobao.org/vue-eslint-parser/download/vue-eslint-parser-7.6.0.tgz?cache=0&sync_timestamp=1614679548045&other_urls=https%3A%2F%2Fregistry.npm.taobao.org%2Fvue-eslint-parser%2Fdownload%2Fvue-eslint-parser-7.6.0.tgz#01ea1a2932f581ff244336565d712801f8f72561"
  integrity sha1-AeoaKTL1gf8kQzZWXXEoAfj3JWE=
  dependencies:
    debug "^4.1.1"
    eslint-scope "^5.0.0"
    eslint-visitor-keys "^1.1.0"
    espree "^6.2.1"
    esquery "^1.4.0"
    lodash "^4.17.15"

yallist@^4.0.0:
  version "4.0.0"
  resolved "https://registry.npm.taobao.org/yallist/download/yallist-4.0.0.tgz#9bb92790d9c0effec63be73519e11a35019a3a72"
  integrity sha1-m7knkNnA7/7GO+c1GeEaNQGaOnI=
